
Microsoft Visual Studio Solution File, Format Version 12.00
# Visual Studio 14
VisualStudioVersion = 14.0.25420.1
MinimumVisualStudioVersion = 10.0.40219.1
Project("{FAE04EC0-301F-11D3-BF4B-00C04F79EFBC}") = "MickeyUtils", "MickeyUtils\MickeyUtils.csproj", "{2752A0B4-6F95-43D8-842B-43AF93418229}"
EndProject
Project("{FAE04EC0-301F-11D3-BF4B-00C04F79EFBC}") = "VerHashMaker", "UtilsTest\VerHashMaker.csproj", "{E2ED7771-124B-449A-BBDB-CA5FE306C6BB}"
EndProject
Project("{FAE04EC0-301F-11D3-BF4B-00C04F79EFBC}") = "DownloadTest", "DownloadTest\DownloadTest.csproj", "{6513A941-1E75-496B-BE46-78746B0F7F4C}"
EndProject
Global
	GlobalSection(SolutionConfigurationPlatforms) = preSolution
		Debug|Any CPU = Debug|Any CPU
		Release|Any CPU = Release|Any CPU
	EndGlobalSection
	GlobalSection(ProjectConfigurationPlatforms) = postSolution
		{2752A0B4-6F95-43D8-842B-43AF93418229}.Debug|Any CPU.ActiveCfg = Debug|Any CPU
		{2752A0B4-6F95-43D8-842B-43AF93418229}.Debug|Any CPU.Build.0 = Debug|Any CPU
		{2752A0B4-6F95-43D8-842B-43AF93418229}.Release|Any CPU.ActiveCfg = Release|Any CPU
		{2752A0B4-6F95-43D8-842B-43AF93418229}.Release|Any CPU.Build.0 = Release|Any CPU
		{E2ED7771-124B-449A-BBDB-CA5FE306C6BB}.Debug|Any CPU.ActiveCfg = Debug|Any CPU
		{E2ED7771-124B-449A-BBDB-CA5FE306C6BB}.Debug|Any CPU.Build.0 = Debug|Any CPU
		{E2ED7771-124B-449A-BBDB-CA5FE306C6BB}.Release|Any CPU.ActiveCfg = Release|Any CPU
		{E2ED7771-124B-449A-BBDB-CA5FE306C6BB}.Release|Any CPU.Build.0 = Release|Any CPU
		{6513A941-1E75-496B-BE46-78746B0F7F4C}.Debug|Any CPU.ActiveCfg = Debug|Any CPU
		{6513A941-1E75-496B-BE46-78746B0F7F4C}.Debug|Any CPU.Build.0 = Debug|Any CPU
		{6513A941-1E75-496B-BE46-78746B0F7F4C}.Release|Any CPU.ActiveCfg = Release|Any CPU
		{6513A941-1E75-496B-BE46-78746B0F7F4C}.Release|Any CPU.Build.0 = Release|Any CPU
	EndGlobalSection
	GlobalSection(SolutionProperties) = preSolution
		HideSolutionNode = FALSE
	EndGlobalSection
EndGlobal
